// !$*UTF8*$!
{
	archiveVersion = 1;
	classes = {
	};
	objectVersion = 48;
	objects = {

/* Begin PBXBuildFile section */
		4D2721271FDF2ABC003DC715 /* ChatbotTulp.swift in Sources */ = {isa = PBXBuildFile; fileRef = 4D2721261FDF2ABC003DC715 /* ChatbotTulp.swift */; };
		4D2753951FC999150068394F /* AppDelegate.swift in Sources */ = {isa = PBXBuildFile; fileRef = 4D2753941FC999150068394F /* AppDelegate.swift */; };
		4D2753971FC999150068394F /* ViewController.swift in Sources */ = {isa = PBXBuildFile; fileRef = 4D2753961FC999150068394F /* ViewController.swift */; };
		4D27539C1FC999150068394F /* Assets.xcassets in Resources */ = {isa = PBXBuildFile; fileRef = 4D27539B1FC999150068394F /* Assets.xcassets */; };
		4D2753A91FC9A7B90068394F /* SecondViewController.swift in Sources */ = {isa = PBXBuildFile; fileRef = 4D2753A81FC9A7B90068394F /* SecondViewController.swift */; };
		4D618D861FDF1BBE005434FB /* ChatbotRembrandt.swift in Sources */ = {isa = PBXBuildFile; fileRef = 4D618D851FDF1BBE005434FB /* ChatbotRembrandt.swift */; };
		4D8C12171FCEF50200BC4DD6 /* personalPage.swift in Sources */ = {isa = PBXBuildFile; fileRef = 4D8C12161FCEF50200BC4DD6 /* personalPage.swift */; };
		4D8C12191FCF3B5A00BC4DD6 /* homePage.swift in Sources */ = {isa = PBXBuildFile; fileRef = 4D8C12181FCF3B5A00BC4DD6 /* homePage.swift */; };
		4D8C121B1FCF55B500BC4DD6 /* friendsPage.swift in Sources */ = {isa = PBXBuildFile; fileRef = 4D8C121A1FCF55B500BC4DD6 /* friendsPage.swift */; };
		4D8C121D1FCF55CD00BC4DD6 /* scanPage.swift in Sources */ = {isa = PBXBuildFile; fileRef = 4D8C121C1FCF55CD00BC4DD6 /* scanPage.swift */; };
		4D8C121F1FCF55EC00BC4DD6 /* searchPage.swift in Sources */ = {isa = PBXBuildFile; fileRef = 4D8C121E1FCF55EC00BC4DD6 /* searchPage.swift */; };
		4D8C12211FCF560000BC4DD6 /* generalInfoPage.swift in Sources */ = {isa = PBXBuildFile; fileRef = 4D8C12201FCF560000BC4DD6 /* generalInfoPage.swift */; };
		4DF0D6451FD2DE2D00F70711 /* test.swift in Sources */ = {isa = PBXBuildFile; fileRef = 4DF0D6441FD2DE2D00F70711 /* test.swift */; };
		79399B0D1FE73F9C00EEBF42 /* SVProgressHUD.framework in Frameworks */ = {isa = PBXBuildFile; fileRef = 79399B0C1FE73F9C00EEBF42 /* SVProgressHUD.framework */; };
		79399B0E1FE73F9C00EEBF42 /* SVProgressHUD.framework in Embed Frameworks */ = {isa = PBXBuildFile; fileRef = 79399B0C1FE73F9C00EEBF42 /* SVProgressHUD.framework */; settings = {ATTRIBUTES = (CodeSignOnCopy, RemoveHeadersOnCopy, ); }; };
		79399B101FE73FA100EEBF42 /* VisualRecognitionV3.framework in Frameworks */ = {isa = PBXBuildFile; fileRef = 79399B0F1FE73FA100EEBF42 /* VisualRecognitionV3.framework */; };
		79399B111FE73FA100EEBF42 /* VisualRecognitionV3.framework in Embed Frameworks */ = {isa = PBXBuildFile; fileRef = 79399B0F1FE73FA100EEBF42 /* VisualRecognitionV3.framework */; settings = {ATTRIBUTES = (CodeSignOnCopy, RemoveHeadersOnCopy, ); }; };
		7965746C1FDB3AB90049E678 /* Main.storyboard in Resources */ = {isa = PBXBuildFile; fileRef = 7965746B1FDB3AB90049E678 /* Main.storyboard */; };
		7965746E1FDB3AC10049E678 /* LaunchScreen.storyboard in Resources */ = {isa = PBXBuildFile; fileRef = 7965746D1FDB3AC10049E678 /* LaunchScreen.storyboard */; };
		7965747C1FDF01080049E678 /* Chatbot.swift in Sources */ = {isa = PBXBuildFile; fileRef = 7965747B1FDF01080049E678 /* Chatbot.swift */; };
		7965747E1FDF04370049E678 /* ConversationV1.framework in Frameworks */ = {isa = PBXBuildFile; fileRef = 7965747D1FDF04370049E678 /* ConversationV1.framework */; };
		7965747F1FDF04370049E678 /* ConversationV1.framework in Embed Frameworks */ = {isa = PBXBuildFile; fileRef = 7965747D1FDF04370049E678 /* ConversationV1.framework */; settings = {ATTRIBUTES = (CodeSignOnCopy, RemoveHeadersOnCopy, ); }; };
/* End PBXBuildFile section */

/* Begin PBXCopyFilesBuildPhase section */
		4D34CB2E1FC9C2D5008121AF /* Embed Frameworks */ = {
			isa = PBXCopyFilesBuildPhase;
			buildActionMask = 2147483647;
			dstPath = "";
			dstSubfolderSpec = 10;
			files = (
				79399B0E1FE73F9C00EEBF42 /* SVProgressHUD.framework in Embed Frameworks */,
				79399B111FE73FA100EEBF42 /* VisualRecognitionV3.framework in Embed Frameworks */,
				7965747F1FDF04370049E678 /* ConversationV1.framework in Embed Frameworks */,
			);
			name = "Embed Frameworks";
			runOnlyForDeploymentPostprocessing = 0;
		};
/* End PBXCopyFilesBuildPhase section */

/* Begin PBXFileReference section */
		4D2721261FDF2ABC003DC715 /* ChatbotTulp.swift */ = {isa = PBXFileReference; lastKnownFileType = sourcecode.swift; path = ChatbotTulp.swift; sourceTree = "<group>"; };
		4D2753911FC999150068394F /* Mauritshuis.app */ = {isa = PBXFileReference; explicitFileType = wrapper.application; includeInIndex = 0; path = Mauritshuis.app; sourceTree = BUILT_PRODUCTS_DIR; };
		4D2753941FC999150068394F /* AppDelegate.swift */ = {isa = PBXFileReference; lastKnownFileType = sourcecode.swift; path = AppDelegate.swift; sourceTree = "<group>"; };
		4D2753961FC999150068394F /* ViewController.swift */ = {isa = PBXFileReference; lastKnownFileType = sourcecode.swift; path = ViewController.swift; sourceTree = "<group>"; };
		4D27539B1FC999150068394F /* Assets.xcassets */ = {isa = PBXFileReference; lastKnownFileType = folder.assetcatalog; path = Assets.xcassets; sourceTree = "<group>"; };
		4D2753A01FC999150068394F /* Info.plist */ = {isa = PBXFileReference; lastKnownFileType = text.plist.xml; path = Info.plist; sourceTree = "<group>"; };
		4D2753A81FC9A7B90068394F /* SecondViewController.swift */ = {isa = PBXFileReference; lastKnownFileType = sourcecode.swift; path = SecondViewController.swift; sourceTree = "<group>"; };
		4D618D851FDF1BBE005434FB /* ChatbotRembrandt.swift */ = {isa = PBXFileReference; lastKnownFileType = sourcecode.swift; path = ChatbotRembrandt.swift; sourceTree = "<group>"; };
		4D8C12161FCEF50200BC4DD6 /* personalPage.swift */ = {isa = PBXFileReference; lastKnownFileType = sourcecode.swift; path = personalPage.swift; sourceTree = "<group>"; };
		4D8C12181FCF3B5A00BC4DD6 /* homePage.swift */ = {isa = PBXFileReference; lastKnownFileType = sourcecode.swift; path = homePage.swift; sourceTree = "<group>"; };
		4D8C121A1FCF55B500BC4DD6 /* friendsPage.swift */ = {isa = PBXFileReference; lastKnownFileType = sourcecode.swift; path = friendsPage.swift; sourceTree = "<group>"; };
		4D8C121C1FCF55CD00BC4DD6 /* scanPage.swift */ = {isa = PBXFileReference; lastKnownFileType = sourcecode.swift; path = scanPage.swift; sourceTree = "<group>"; };
		4D8C121E1FCF55EC00BC4DD6 /* searchPage.swift */ = {isa = PBXFileReference; lastKnownFileType = sourcecode.swift; path = searchPage.swift; sourceTree = "<group>"; };
		4D8C12201FCF560000BC4DD6 /* generalInfoPage.swift */ = {isa = PBXFileReference; lastKnownFileType = sourcecode.swift; path = generalInfoPage.swift; sourceTree = "<group>"; };
		4DF0D6441FD2DE2D00F70711 /* test.swift */ = {isa = PBXFileReference; lastKnownFileType = sourcecode.swift; path = test.swift; sourceTree = "<group>"; };
		79399B0C1FE73F9C00EEBF42 /* SVProgressHUD.framework */ = {isa = PBXFileReference; lastKnownFileType = wrapper.framework; path = SVProgressHUD.framework; sourceTree = "<group>"; };
		79399B0F1FE73FA100EEBF42 /* VisualRecognitionV3.framework */ = {isa = PBXFileReference; lastKnownFileType = wrapper.framework; path = VisualRecognitionV3.framework; sourceTree = "<group>"; };
		7965746B1FDB3AB90049E678 /* Main.storyboard */ = {isa = PBXFileReference; fileEncoding = 4; lastKnownFileType = file.storyboard; path = Main.storyboard; sourceTree = "<group>"; };
		7965746D1FDB3AC10049E678 /* LaunchScreen.storyboard */ = {isa = PBXFileReference; fileEncoding = 4; lastKnownFileType = file.storyboard; path = LaunchScreen.storyboard; sourceTree = "<group>"; };
		7965747B1FDF01080049E678 /* Chatbot.swift */ = {isa = PBXFileReference; fileEncoding = 4; lastKnownFileType = sourcecode.swift; path = Chatbot.swift; sourceTree = "<group>"; };
		7965747D1FDF04370049E678 /* ConversationV1.framework */ = {isa = PBXFileReference; lastKnownFileType = wrapper.framework; path = ConversationV1.framework; sourceTree = "<group>"; };
/* End PBXFileReference section */

/* Begin PBXFrameworksBuildPhase section */
		4D27538E1FC999150068394F /* Frameworks */ = {
			isa = PBXFrameworksBuildPhase;
			buildActionMask = 2147483647;
			files = (
				79399B0D1FE73F9C00EEBF42 /* SVProgressHUD.framework in Frameworks */,
				79399B101FE73FA100EEBF42 /* VisualRecognitionV3.framework in Frameworks */,
				7965747E1FDF04370049E678 /* ConversationV1.framework in Frameworks */,
			);
			runOnlyForDeploymentPostprocessing = 0;
		};
/* End PBXFrameworksBuildPhase section */

/* Begin PBXGroup section */
		4D2753881FC999150068394F = {
			isa = PBXGroup;
			children = (
				79399B0F1FE73FA100EEBF42 /* VisualRecognitionV3.framework */,
				79399B0C1FE73F9C00EEBF42 /* SVProgressHUD.framework */,
				7965747D1FDF04370049E678 /* ConversationV1.framework */,
				4D2753931FC999150068394F /* Mauritshuis */,
				4D2753921FC999150068394F /* Products */,
			);
			sourceTree = "<group>";
		};
		4D2753921FC999150068394F /* Products */ = {
			isa = PBXGroup;
			children = (
				4D2753911FC999150068394F /* Mauritshuis.app */,
			);
			name = Products;
			sourceTree = "<group>";
		};
		4D2753931FC999150068394F /* Mauritshuis */ = {
			isa = PBXGroup;
			children = (
				4D618D851FDF1BBE005434FB /* ChatbotRembrandt.swift */,
				4D2721261FDF2ABC003DC715 /* ChatbotTulp.swift */,
				4D2753941FC999150068394F /* AppDelegate.swift */,
				4D2753961FC999150068394F /* ViewController.swift */,
				4D8C12181FCF3B5A00BC4DD6 /* homePage.swift */,
				4D8C121A1FCF55B500BC4DD6 /* friendsPage.swift */,
				4DF0D6441FD2DE2D00F70711 /* test.swift */,
				4D8C121E1FCF55EC00BC4DD6 /* searchPage.swift */,
				4D8C12201FCF560000BC4DD6 /* generalInfoPage.swift */,
				4D8C12161FCEF50200BC4DD6 /* personalPage.swift */,
				7965746D1FDB3AC10049E678 /* LaunchScreen.storyboard */,
				7965746B1FDB3AB90049E678 /* Main.storyboard */,
				4D27539B1FC999150068394F /* Assets.xcassets */,
				4D2753A01FC999150068394F /* Info.plist */,
				4D2753A81FC9A7B90068394F /* SecondViewController.swift */,
				7965747B1FDF01080049E678 /* Chatbot.swift */,
				4D8C121C1FCF55CD00BC4DD6 /* scanPage.swift */,
			);
			path = Mauritshuis;
			sourceTree = "<group>";
		};
/* End PBXGroup section */

/* Begin PBXNativeTarget section */
		4D2753901FC999150068394F /* Mauritshuis */ = {
			isa = PBXNativeTarget;
			buildConfigurationList = 4D2753A31FC999150068394F /* Build configuration list for PBXNativeTarget "Mauritshuis" */;
			buildPhases = (
				4D27538D1FC999150068394F /* Sources */,
				4D27538E1FC999150068394F /* Frameworks */,
				4D27538F1FC999150068394F /* Resources */,
				4D34CB2E1FC9C2D5008121AF /* Embed Frameworks */,
			);
			buildRules = (
			);
			dependencies = (
			);
			name = Mauritshuis;
			productName = Mauritshuis;
			productReference = 4D2753911FC999150068394F /* Mauritshuis.app */;
			productType = "com.apple.product-type.application";
		};
/* End PBXNativeTarget section */

/* Begin PBXProject section */
		4D2753891FC999150068394F /* Project object */ = {
			isa = PBXProject;
			attributes = {
				LastSwiftUpdateCheck = 0910;
				LastUpgradeCheck = 0910;
				ORGANIZATIONNAME = "Mark Vermeer";
				TargetAttributes = {
					4D2753901FC999150068394F = {
						CreatedOnToolsVersion = 9.1;
						ProvisioningStyle = Automatic;
					};
				};
			};
			buildConfigurationList = 4D27538C1FC999150068394F /* Build configuration list for PBXProject "Mauritshuis" */;
			compatibilityVersion = "Xcode 8.0";
			developmentRegion = en;
			hasScannedForEncodings = 0;
			knownRegions = (
				en,
				Base,
			);
			mainGroup = 4D2753881FC999150068394F;
			productRefGroup = 4D2753921FC999150068394F /* Products */;
			projectDirPath = "";
			projectRoot = "";
			targets = (
				4D2753901FC999150068394F /* Mauritshuis */,
			);
		};
/* End PBXProject section */

/* Begin PBXResourcesBuildPhase section */
		4D27538F1FC999150068394F /* Resources */ = {
			isa = PBXResourcesBuildPhase;
			buildActionMask = 2147483647;
			files = (
				4D27539C1FC999150068394F /* Assets.xcassets in Resources */,
				7965746E1FDB3AC10049E678 /* LaunchScreen.storyboard in Resources */,
				7965746C1FDB3AB90049E678 /* Main.storyboard in Resources */,
			);
			runOnlyForDeploymentPostprocessing = 0;
		};
/* End PBXResourcesBuildPhase section */

/* Begin PBXSourcesBuildPhase section */
		4D27538D1FC999150068394F /* Sources */ = {
			isa = PBXSourcesBuildPhase;
			buildActionMask = 2147483647;
			files = (
				4D8C12191FCF3B5A00BC4DD6 /* homePage.swift in Sources */,
				4D2721271FDF2ABC003DC715 /* ChatbotTulp.swift in Sources */,
				4D618D861FDF1BBE005434FB /* ChatbotRembrandt.swift in Sources */,
				4D2753A91FC9A7B90068394F /* SecondViewController.swift in Sources */,
				4D8C121B1FCF55B500BC4DD6 /* friendsPage.swift in Sources */,
				4DF0D6451FD2DE2D00F70711 /* test.swift in Sources */,
				4D2753971FC999150068394F /* ViewController.swift in Sources */,
				4D8C12171FCEF50200BC4DD6 /* personalPage.swift in Sources */,
				4D8C121D1FCF55CD00BC4DD6 /* scanPage.swift in Sources */,
				7965747C1FDF01080049E678 /* Chatbot.swift in Sources */,
				4D8C12211FCF560000BC4DD6 /* generalInfoPage.swift in Sources */,
				4D8C121F1FCF55EC00BC4DD6 /* searchPage.swift in Sources */,
				4D2753951FC999150068394F /* AppDelegate.swift in Sources */,
			);
			runOnlyForDeploymentPostprocessing = 0;
		};
/* End PBXSourcesBuildPhase section */

/* Begin XCBuildConfiguration section */
		4D2753A11FC999150068394F /* Debug */ = {
			isa = XCBuildConfiguration;
			buildSettings = {
				ALWAYS_SEARCH_USER_PATHS = NO;
				CLANG_ANALYZER_NONNULL = YES;
				CLANG_ANALYZER_NUMBER_OBJECT_CONVERSION = YES_AGGRESSIVE;
				CLANG_CXX_LANGUAGE_STANDARD = "gnu++14";
				CLANG_CXX_LIBRARY = "libc++";
				CLANG_ENABLE_MODULES = YES;
				CLANG_ENABLE_OBJC_ARC = YES;
				CLANG_WARN_BLOCK_CAPTURE_AUTORELEASING = YES;
				CLANG_WARN_BOOL_CONVERSION = YES;
				CLANG_WARN_COMMA = YES;
				CLANG_WARN_CONSTANT_CONVERSION = YES;
				CLANG_WARN_DIRECT_OBJC_ISA_USAGE = YES_ERROR;
				CLANG_WARN_DOCUMENTATION_COMMENTS = YES;
				CLANG_WARN_EMPTY_BODY = YES;
				CLANG_WARN_ENUM_CONVERSION = YES;
				CLANG_WARN_INFINITE_RECURSION = YES;
				CLANG_WARN_INT_CONVERSION = YES;
				CLANG_WARN_NON_LITERAL_NULL_CONVERSION = YES;
				CLANG_WARN_OBJC_LITERAL_CONVERSION = YES;
				CLANG_WARN_OBJC_ROOT_CLASS = YES_ERROR;
				CLANG_WARN_RANGE_LOOP_ANALYSIS = YES;
				CLANG_WARN_STRICT_PROTOTYPES = YES;
				CLANG_WARN_SUSPICIOUS_MOVE = YES;
				CLANG_WARN_UNGUARDED_AVAILABILITY = YES_AGGRESSIVE;
				CLANG_WARN_UNREACHABLE_CODE = YES;
				CLANG_WARN__DUPLICATE_METHOD_MATCH = YES;
				CODE_SIGN_IDENTITY = "iPhone Developer";
				COPY_PHASE_STRIP = NO;
				DEBUG_INFORMATION_FORMAT = dwarf;
				ENABLE_STRICT_OBJC_MSGSEND = YES;
				ENABLE_TESTABILITY = YES;
				GCC_C_LANGUAGE_STANDARD = gnu11;
				GCC_DYNAMIC_NO_PIC = NO;
				GCC_NO_COMMON_BLOCKS = YES;
				GCC_OPTIMIZATION_LEVEL = 0;
				GCC_PREPROCESSOR_DEFINITIONS = (
					"DEBUG=1",
					"$(inherited)",
				);
				GCC_WARN_64_TO_32_BIT_CONVERSION = YES;
				GCC_WARN_ABOUT_RETURN_TYPE = YES_ERROR;
				GCC_WARN_UNDECLARED_SELECTOR = YES;
				GCC_WARN_UNINITIALIZED_AUTOS = YES_AGGRESSIVE;
				GCC_WARN_UNUSED_FUNCTION = YES;
				GCC_WARN_UNUSED_VARIABLE = YES;
				IPHONEOS_DEPLOYMENT_TARGET = 11.1;
				MTL_ENABLE_DEBUG_INFO = YES;
				ONLY_ACTIVE_ARCH = YES;
				SDKROOT = iphoneos;
				SWIFT_ACTIVE_COMPILATION_CONDITIONS = DEBUG;
				SWIFT_OPTIMIZATION_LEVEL = "-Onone";
			};
			name = Debug;
		};
		4D2753A21FC999150068394F /* Release */ = {
			isa = XCBuildConfiguration;
			buildSettings = {
				ALWAYS_SEARCH_USER_PATHS = NO;
				CLANG_ANALYZER_NONNULL = YES;
				CLANG_ANALYZER_NUMBER_OBJECT_CONVERSION = YES_AGGRESSIVE;
				CLANG_CXX_LANGUAGE_STANDARD = "gnu++14";
				CLANG_CXX_LIBRARY = "libc++";
				CLANG_ENABLE_MODULES = YES;
				CLANG_ENABLE_OBJC_ARC = YES;
				CLANG_WARN_BLOCK_CAPTURE_AUTORELEASING = YES;
				CLANG_WARN_BOOL_CONVERSION = YES;
				CLANG_WARN_COMMA = YES;
				CLANG_WARN_CONSTANT_CONVERSION = YES;
				CLANG_WARN_DIRECT_OBJC_ISA_USAGE = YES_ERROR;
				CLANG_WARN_DOCUMENTATION_COMMENTS = YES;
				CLANG_WARN_EMPTY_BODY = YES;
				CLANG_WARN_ENUM_CONVERSION = YES;
				CLANG_WARN_INFINITE_RECURSION = YES;
				CLANG_WARN_INT_CONVERSION = YES;
				CLANG_WARN_NON_LITERAL_NULL_CONVERSION = YES;
				CLANG_WARN_OBJC_LITERAL_CONVERSION = YES;
				CLANG_WARN_OBJC_ROOT_CLASS = YES_ERROR;
				CLANG_WARN_RANGE_LOOP_ANALYSIS = YES;
				CLANG_WARN_STRICT_PROTOTYPES = YES;
				CLANG_WARN_SUSPICIOUS_MOVE = YES;
				CLANG_WARN_UNGUARDED_AVAILABILITY = YES_AGGRESSIVE;
				CLANG_WARN_UNREACHABLE_CODE = YES;
				CLANG_WARN__DUPLICATE_METHOD_MATCH = YES;
				CODE_SIGN_IDENTITY = "iPhone Developer";
				COPY_PHASE_STRIP = NO;
				DEBUG_INFORMATION_FORMAT = "dwarf-with-dsym";
				ENABLE_NS_ASSERTIONS = NO;
				ENABLE_STRICT_OBJC_MSGSEND = YES;
				GCC_C_LANGUAGE_STANDARD = gnu11;
				GCC_NO_COMMON_BLOCKS = YES;
				GCC_WARN_64_TO_32_BIT_CONVERSION = YES;
				GCC_WARN_ABOUT_RETURN_TYPE = YES_ERROR;
				GCC_WARN_UNDECLARED_SELECTOR = YES;
				GCC_WARN_UNINITIALIZED_AUTOS = YES_AGGRESSIVE;
				GCC_WARN_UNUSED_FUNCTION = YES;
				GCC_WARN_UNUSED_VARIABLE = YES;
				IPHONEOS_DEPLOYMENT_TARGET = 11.1;
				MTL_ENABLE_DEBUG_INFO = NO;
				SDKROOT = iphoneos;
				SWIFT_OPTIMIZATION_LEVEL = "-Owholemodule";
				VALIDATE_PRODUCT = YES;
			};
			name = Release;
		};
		4D2753A41FC999150068394F /* Debug */ = {
			isa = XCBuildConfiguration;
			buildSettings = {
				ASSETCATALOG_COMPILER_APPICON_NAME = AppIcon;
				"CODE_SIGN_IDENTITY[sdk=iphoneos*]" = "iPhone Developer";
				CODE_SIGN_STYLE = Automatic;
				DEVELOPMENT_TEAM = 6A4NWYXFD7;
				FRAMEWORK_SEARCH_PATHS = (
					"$(inherited)",
					"$(PROJECT_DIR)",
				);
				INFOPLIST_FILE = Mauritshuis/Info.plist;
				IPHONEOS_DEPLOYMENT_TARGET = 11.0;
				LD_RUNPATH_SEARCH_PATHS = "$(inherited) @executable_path/Frameworks";
				PRODUCT_BUNDLE_IDENTIFIER = Group9.Mauritshuis;
				PRODUCT_NAME = "$(TARGET_NAME)";
				PROVISIONING_PROFILE_SPECIFIER = "";
				SWIFT_VERSION = 4.0;
				TARGETED_DEVICE_FAMILY = "1,2";
			};
			name = Debug;
		};
		4D2753A51FC999150068394F /* Release */ = {
			isa = XCBuildConfiguration;
			buildSettings = {
				ASSETCATALOG_COMPILER_APPICON_NAME = AppIcon;
				"CODE_SIGN_IDENTITY[sdk=iphoneos*]" = "iPhone Developer";
				CODE_SIGN_STYLE = Automatic;
				DEVELOPMENT_TEAM = 6A4NWYXFD7;
				FRAMEWORK_SEARCH_PATHS = (
					"$(inherited)",
					"$(PROJECT_DIR)",
				);
				INFOPLIST_FILE = Mauritshuis/Info.plist;
				IPHONEOS_DEPLOYMENT_TARGET = 11.0;
				LD_RUNPATH_SEARCH_PATHS = "$(inherited) @executable_path/Frameworks";
				PRODUCT_BUNDLE_IDENTIFIER = Group9.Mauritshuis;
				PRODUCT_NAME = "$(TARGET_NAME)";
				PROVISIONING_PROFILE_SPECIFIER = "";
				SWIFT_VERSION = 4.0;
				TARGETED_DEVICE_FAMILY = "1,2";
			};
			name = Release;
		};
/* End XCBuildConfiguration section */

/* Begin XCConfigurationList section */
		4D27538C1FC999150068394F /* Build configuration list for PBXProject "Mauritshuis" */ = {
			isa = XCConfigurationList;
			buildConfigurations = (
				4D2753A11FC999150068394F /* Debug */,
				4D2753A21FC999150068394F /* Release */,
			);
			defaultConfigurationIsVisible = 0;
			defaultConfigurationName = Release;
		};
		4D2753A31FC999150068394F /* Build configuration list for PBXNativeTarget "Mauritshuis" */ = {
			isa = XCConfigurationList;
			buildConfigurations = (
				4D2753A41FC999150068394F /* Debug */,
				4D2753A51FC999150068394F /* Release */,
			);
			defaultConfigurationIsVisible = 0;
			defaultConfigurationName = Release;
		};
/* End XCConfigurationList section */
	};
	rootObject = 4D2753891FC999150068394F /* Project object */;
}
